version = 1
revision = 2
requires-python = ">=3.9"

[[package]]
name = "checkedframe"
version = "0.0.9"
source = { editable = "." }
dependencies = [
    { name = "narwhals" },
    { name = "typing-extensions" },
]

[package.optional-dependencies]
pyperclip = [
    { name = "pyperclip" },
]

[package.dev-dependencies]
typing = [
    { name = "typing-extensions" },
]

[package.metadata]
requires-dist = [
    { name = "narwhals", specifier = ">=1.0.0" },
    { name = "pyperclip", marker = "extra == 'pyperclip'", specifier = ">=1.0.0" },
    { name = "typing-extensions", specifier = ">=4.14.1" },
]
provides-extras = ["pyperclip"]

[package.metadata.requires-dev]
typing = [{ name = "typing-extensions" }]

[[package]]
name = "narwhals"
version = "1.43.1"
source = { registry = "https://pypi.org/simple" }
sdist = { url = "https://files.pythonhosted.org/packages/61/82/9f351a79260a6456db3f53d248268b4c3791f1e3228eec3c745e8816afd6/narwhals-1.43.1.tar.gz", hash = "sha256:6ff56d600da67a0a0980b83bd5577d076772fdba96474076ba4e76c920dbc1e5", size = 496655, upload-time = "2025-06-19T09:37:56.398Z" }
wheels = [
    { url = "https://files.pythonhosted.org/packages/8f/1e/b741d4eabbde95b1790e7df3c33c6b19f9b48db98a1416c6a6f06572bc66/narwhals-1.43.1-py3-none-any.whl", hash = "sha256:1ee508fa4dc0e05aa5b88717ba11613d8d9ccf0dd1e48513d4a3afb237dba9f2", size = 362737, upload-time = "2025-06-19T09:37:54.415Z" },
]

[[package]]
name = "pyperclip"
version = "1.9.0"
source = { registry = "https://pypi.org/simple" }
sdist = { url = "https://files.pythonhosted.org/packages/30/23/2f0a3efc4d6a32f3b63cdff36cd398d9701d26cda58e3ab97ac79fb5e60d/pyperclip-1.9.0.tar.gz", hash = "sha256:b7de0142ddc81bfc5c7507eea19da920b92252b548b96186caf94a5e2527d310", size = 20961, upload-time = "2024-06-18T20:38:48.401Z" }

[[package]]
name = "typing-extensions"
version = "4.14.1"
source = { registry = "https://pypi.org/simple" }
sdist = { url = "https://files.pythonhosted.org/packages/98/5a/da40306b885cc8c09109dc2e1abd358d5684b1425678151cdaed4731c822/typing_extensions-4.14.1.tar.gz", hash = "sha256:38b39f4aeeab64884ce9f74c94263ef78f3c22467c8724005483154c26648d36", size = 107673, upload-time = "2025-07-04T13:28:34.16Z" }
wheels = [
    { url = "https://files.pythonhosted.org/packages/b5/00/d631e67a838026495268c2f6884f3711a15a9a2a96cd244fdaea53b823fb/typing_extensions-4.14.1-py3-none-any.whl", hash = "sha256:d1e1e3b58374dc93031d6eda2420a48ea44a36c2b4766a4fdeb3710755731d76", size = 43906, upload-time = "2025-07-04T13:28:32.743Z" },
]
