version = 1
revision = 2
requires-python = ">=3.8"
resolution-markers = [
    "python_full_version >= '3.9'",
    "python_full_version < '3.9'",
]

[[package]]
name = "checkedframe"
version = "0.0.5"
source = { editable = "." }
dependencies = [
    { name = "narwhals", version = "1.42.1", source = { registry = "https://pypi.org/simple" }, marker = "python_full_version < '3.9'" },
    { name = "narwhals", version = "1.43.1", source = { registry = "https://pypi.org/simple" }, marker = "python_full_version >= '3.9'" },
]

[package.metadata]
requires-dist = [{ name = "narwhals", specifier = ">=1.0.0" }]

[[package]]
name = "narwhals"
version = "1.42.1"
source = { registry = "https://pypi.org/simple" }
resolution-markers = [
    "python_full_version < '3.9'",
]
sdist = { url = "https://files.pythonhosted.org/packages/df/d6/168a787b7800d6c89846b791e4f5ee6b94998a80c8c2838a019d3d71984d/narwhals-1.42.1.tar.gz", hash = "sha256:50a5635b11aeda98cf9c37e839fd34b0a24159f59a4dfae930290ad698320494", size = 492865, upload-time = "2025-06-12T15:15:13.222Z" }
wheels = [
    { url = "https://files.pythonhosted.org/packages/79/3f/8d450588206b437dd239a6d44230c63095e71135bd95d5a74347d07adbd5/narwhals-1.42.1-py3-none-any.whl", hash = "sha256:7a270d44b94ccdb277a799ae890c42e8504c537c1849f195eb14717c6184977a", size = 359888, upload-time = "2025-06-12T15:15:11.643Z" },
]

[[package]]
name = "narwhals"
version = "1.43.1"
source = { registry = "https://pypi.org/simple" }
resolution-markers = [
    "python_full_version >= '3.9'",
]
sdist = { url = "https://files.pythonhosted.org/packages/61/82/9f351a79260a6456db3f53d248268b4c3791f1e3228eec3c745e8816afd6/narwhals-1.43.1.tar.gz", hash = "sha256:6ff56d600da67a0a0980b83bd5577d076772fdba96474076ba4e76c920dbc1e5", size = 496655, upload-time = "2025-06-19T09:37:56.398Z" }
wheels = [
    { url = "https://files.pythonhosted.org/packages/8f/1e/b741d4eabbde95b1790e7df3c33c6b19f9b48db98a1416c6a6f06572bc66/narwhals-1.43.1-py3-none-any.whl", hash = "sha256:1ee508fa4dc0e05aa5b88717ba11613d8d9ccf0dd1e48513d4a3afb237dba9f2", size = 362737, upload-time = "2025-06-19T09:37:54.415Z" },
]
